
Microsoft Visual Studio Solution File, Format Version 12.00
# Visual Studio Version 17
VisualStudioVersion = 17.3.32901.215
MinimumVisualStudioVersion = 10.0.40219.1
Project("{FAE04EC0-301F-11D3-BF4B-00C04F79EFBC}") = "FormSubmission", "FormSubmission\FormSubmission.csproj", "{CA747FC5-9329-48A2-840E-BDF678F5A511}"
EndProject
Global
	GlobalSection(SolutionConfigurationPlatforms) = preSolution
		Debug|Any CPU = Debug|Any CPU
		Release|Any CPU = Release|Any CPU
	EndGlobalSection
	GlobalSection(ProjectConfigurationPlatforms) = postSolution
		{CA747FC5-9329-48A2-840E-BDF678F5A511}.Debug|Any CPU.ActiveCfg = Debug|Any CPU
		{CA747FC5-9329-48A2-840E-BDF678F5A511}.Debug|Any CPU.Build.0 = Debug|Any CPU
		{CA747FC5-9329-48A2-840E-BDF678F5A511}.Release|Any CPU.ActiveCfg = Release|Any CPU
		{CA747FC5-9329-48A2-840E-BDF678F5A511}.Release|Any CPU.Build.0 = Release|Any CPU
	EndGlobalSection
	GlobalSection(SolutionProperties) = preSolution
		HideSolutionNode = FALSE
	EndGlobalSection
	GlobalSection(ExtensibilityGlobals) = postSolution
		SolutionGuid = {449603B0-274B-43AB-81FD-A2B2717DE8D9}
	EndGlobalSection
EndGlobal
