
Microsoft Visual Studio Solution File, Format Version 12.00
# Visual Studio Version 17
VisualStudioVersion = 17.3.32901.215
MinimumVisualStudioVersion = 10.0.40219.1
Project("{FAE04EC0-301F-11D3-BF4B-00C04F79EFBC}") = "JobProject", "JobProject\JobProject.csproj", "{3C944CEB-D2ED-4391-A068-521FC3356FB4}"
EndProject
Project("{FAE04EC0-301F-11D3-BF4B-00C04F79EFBC}") = "BLL", "BLL\BLL.csproj", "{2BEBF17C-C2DB-4511-9398-0FDBBA83510E}"
EndProject
Project("{FAE04EC0-301F-11D3-BF4B-00C04F79EFBC}") = "DAL", "DAL\DAL.csproj", "{41743FE1-88F8-4519-9BBD-7136B18C9302}"
EndProject
Project("{FAE04EC0-301F-11D3-BF4B-00C04F79EFBC}") = "WebApplication", "WebApplication\WebApplication.csproj", "{B6282BC4-A9D7-4FBE-8695-26AD8DF394B3}"
EndProject
Global
	GlobalSection(SolutionConfigurationPlatforms) = preSolution
		Debug|Any CPU = Debug|Any CPU
		Release|Any CPU = Release|Any CPU
	EndGlobalSection
	GlobalSection(ProjectConfigurationPlatforms) = postSolution
		{3C944CEB-D2ED-4391-A068-521FC3356FB4}.Debug|Any CPU.ActiveCfg = Debug|Any CPU
		{3C944CEB-D2ED-4391-A068-521FC3356FB4}.Debug|Any CPU.Build.0 = Debug|Any CPU
		{3C944CEB-D2ED-4391-A068-521FC3356FB4}.Release|Any CPU.ActiveCfg = Release|Any CPU
		{3C944CEB-D2ED-4391-A068-521FC3356FB4}.Release|Any CPU.Build.0 = Release|Any CPU
		{2BEBF17C-C2DB-4511-9398-0FDBBA83510E}.Debug|Any CPU.ActiveCfg = Debug|Any CPU
		{2BEBF17C-C2DB-4511-9398-0FDBBA83510E}.Debug|Any CPU.Build.0 = Debug|Any CPU
		{2BEBF17C-C2DB-4511-9398-0FDBBA83510E}.Release|Any CPU.ActiveCfg = Release|Any CPU
		{2BEBF17C-C2DB-4511-9398-0FDBBA83510E}.Release|Any CPU.Build.0 = Release|Any CPU
		{41743FE1-88F8-4519-9BBD-7136B18C9302}.Debug|Any CPU.ActiveCfg = Debug|Any CPU
		{41743FE1-88F8-4519-9BBD-7136B18C9302}.Debug|Any CPU.Build.0 = Debug|Any CPU
		{41743FE1-88F8-4519-9BBD-7136B18C9302}.Release|Any CPU.ActiveCfg = Release|Any CPU
		{41743FE1-88F8-4519-9BBD-7136B18C9302}.Release|Any CPU.Build.0 = Release|Any CPU
		{B6282BC4-A9D7-4FBE-8695-26AD8DF394B3}.Debug|Any CPU.ActiveCfg = Debug|Any CPU
		{B6282BC4-A9D7-4FBE-8695-26AD8DF394B3}.Debug|Any CPU.Build.0 = Debug|Any CPU
		{B6282BC4-A9D7-4FBE-8695-26AD8DF394B3}.Release|Any CPU.ActiveCfg = Release|Any CPU
		{B6282BC4-A9D7-4FBE-8695-26AD8DF394B3}.Release|Any CPU.Build.0 = Release|Any CPU
	EndGlobalSection
	GlobalSection(SolutionProperties) = preSolution
		HideSolutionNode = FALSE
	EndGlobalSection
	GlobalSection(ExtensibilityGlobals) = postSolution
		SolutionGuid = {3F4B80F3-E629-4D7B-9CA7-D597D1E7A851}
	EndGlobalSection
EndGlobal
